
Microsoft Visual Studio Solution File, Format Version 12.00
# Visual Studio Version 16
VisualStudioVersion = 16.0.809.6
MinimumVisualStudioVersion = 10.0.40219.1
Project("{FAE04EC0-301F-11D3-BF4B-00C04F79EFBC}") = "LAB1.3", "LAB1.3\LAB1.3.csproj", "{D68BEC86-6708-4795-A4C0-0109AEE12B0F}"
EndProject
Global
	GlobalSection(SolutionConfigurationPlatforms) = preSolution
		Debug|anycpu = Debug|anycpu
		Release|anycpu = Release|anycpu
	EndGlobalSection
	GlobalSection(ProjectConfigurationPlatforms) = postSolution
		{D68BEC86-6708-4795-A4C0-0109AEE12B0F}.Debug|anycpu.ActiveCfg = Debug|anycpu
		{D68BEC86-6708-4795-A4C0-0109AEE12B0F}.Debug|anycpu.Build.0 = Debug|anycpu
		{D68BEC86-6708-4795-A4C0-0109AEE12B0F}.Release|anycpu.ActiveCfg = Release|anycpu
		{D68BEC86-6708-4795-A4C0-0109AEE12B0F}.Release|anycpu.Build.0 = Release|anycpu
	EndGlobalSection
	GlobalSection(SolutionProperties) = preSolution
		HideSolutionNode = FALSE
	EndGlobalSection
	GlobalSection(ExtensibilityGlobals) = postSolution
		SolutionGuid = {7A3B22D3-CDF7-45E2-9C4C-C7594C0B4F19}
	EndGlobalSection
EndGlobal
